// !$*UTF8*$!
{
	archiveVersion = 1;
	classes = {
	};
	objectVersion = 48;
	objects = {

/* Begin PBXBuildFile section */
		00A338C9201D1288006B33F1 /* CoreLocation.framework in Frameworks */ = {isa = PBXBuildFile; fileRef = 00A338C8201D1288006B33F1 /* CoreLocation.framework */; };
		00D94E46201C4B8400F11CED /* LoginViewController.swift in Sources */ = {isa = PBXBuildFile; fileRef = 00D94E45201C4B8400F11CED /* LoginViewController.swift */; };
		00D94E48201C4B9000F11CED /* CreateUsernameViewController.swift in Sources */ = {isa = PBXBuildFile; fileRef = 00D94E47201C4B9000F11CED /* CreateUsernameViewController.swift */; };
		00D94E4A201C4C1F00F11CED /* MainButtonsViewController.swift in Sources */ = {isa = PBXBuildFile; fileRef = 00D94E49201C4C1F00F11CED /* MainButtonsViewController.swift */; };
		00D94E4C201C4C2C00F11CED /* MapViewController.swift in Sources */ = {isa = PBXBuildFile; fileRef = 00D94E4B201C4C2C00F11CED /* MapViewController.swift */; };
		00D94E4F201C7BDD00F11CED /* UserService.swift in Sources */ = {isa = PBXBuildFile; fileRef = 00D94E4E201C7BDD00F11CED /* UserService.swift */; };
		00D94E51201C7BFB00F11CED /* PlaceService.swift in Sources */ = {isa = PBXBuildFile; fileRef = 00D94E50201C7BFA00F11CED /* PlaceService.swift */; };
		00D94E53201D002400F11CED /* InputViewController.swift in Sources */ = {isa = PBXBuildFile; fileRef = 00D94E52201D002400F11CED /* InputViewController.swift */; };
		00D94E55201D01D000F11CED /* CommentService.swift in Sources */ = {isa = PBXBuildFile; fileRef = 00D94E54201D01D000F11CED /* CommentService.swift */; };
		00D94E57201D01E600F11CED /* Note.swift in Sources */ = {isa = PBXBuildFile; fileRef = 00D94E56201D01E600F11CED /* Note.swift */; };
		00EB1266201C3BFB00390B51 /* GoogleService-Info.plist in Resources */ = {isa = PBXBuildFile; fileRef = 00EB1265201C3BFA00390B51 /* GoogleService-Info.plist */; };
		00EB126D201C498500390B51 /* Login.storyboard in Resources */ = {isa = PBXBuildFile; fileRef = 00EB126C201C498500390B51 /* Login.storyboard */; };
		0E4120CC276226A79BEB373F /* Pods_SheHacks2018Tests.framework in Frameworks */ = {isa = PBXBuildFile; fileRef = E09B4E93CB9CDDA431D75B6F /* Pods_SheHacks2018Tests.framework */; };
		4C7A104708216A46918DA4E9 /* Pods_SheHacks2018UITests.framework in Frameworks */ = {isa = PBXBuildFile; fileRef = 70AC3F2BB1C5FA4D8F5E7E05 /* Pods_SheHacks2018UITests.framework */; };
		84CAAD2B201BAF98004DA05F /* AppDelegate.swift in Sources */ = {isa = PBXBuildFile; fileRef = 84CAAD2A201BAF98004DA05F /* AppDelegate.swift */; };
		84CAAD2D201BAF98004DA05F /* ViewController.swift in Sources */ = {isa = PBXBuildFile; fileRef = 84CAAD2C201BAF98004DA05F /* ViewController.swift */; };
		84CAAD30201BAF98004DA05F /* Main.storyboard in Resources */ = {isa = PBXBuildFile; fileRef = 84CAAD2E201BAF98004DA05F /* Main.storyboard */; };
		84CAAD33201BAF98004DA05F /* SheHacks2018.xcdatamodeld in Sources */ = {isa = PBXBuildFile; fileRef = 84CAAD31201BAF98004DA05F /* SheHacks2018.xcdatamodeld */; };
		84CAAD35201BAF98004DA05F /* Assets.xcassets in Resources */ = {isa = PBXBuildFile; fileRef = 84CAAD34201BAF98004DA05F /* Assets.xcassets */; };
		84CAAD38201BAF98004DA05F /* LaunchScreen.storyboard in Resources */ = {isa = PBXBuildFile; fileRef = 84CAAD36201BAF98004DA05F /* LaunchScreen.storyboard */; };
		84CAAD43201BAF98004DA05F /* SheHacks2018Tests.swift in Sources */ = {isa = PBXBuildFile; fileRef = 84CAAD42201BAF98004DA05F /* SheHacks2018Tests.swift */; };
		84CAAD4E201BAF98004DA05F /* SheHacks2018UITests.swift in Sources */ = {isa = PBXBuildFile; fileRef = 84CAAD4D201BAF98004DA05F /* SheHacks2018UITests.swift */; };
		84CAAD60201C2F70004DA05F /* User.swift in Sources */ = {isa = PBXBuildFile; fileRef = 84CAAD5F201C2F70004DA05F /* User.swift */; };
		84CAAD62201C3056004DA05F /* Location.swift in Sources */ = {isa = PBXBuildFile; fileRef = 84CAAD61201C3056004DA05F /* Location.swift */; };
		B80D3ACB1AF469262EF1F164 /* Pods_SheHacks2018.framework in Frameworks */ = {isa = PBXBuildFile; fileRef = 41FA87AE21106B88A1427549 /* Pods_SheHacks2018.framework */; };
/* End PBXBuildFile section */

/* Begin PBXContainerItemProxy section */
		84CAAD3F201BAF98004DA05F /* PBXContainerItemProxy */ = {
			isa = PBXContainerItemProxy;
			containerPortal = 84CAAD1F201BAF97004DA05F /* Project object */;
			proxyType = 1;
			remoteGlobalIDString = 84CAAD26201BAF98004DA05F;
			remoteInfo = SheHacks2018;
		};
		84CAAD4A201BAF98004DA05F /* PBXContainerItemProxy */ = {
			isa = PBXContainerItemProxy;
			containerPortal = 84CAAD1F201BAF97004DA05F /* Project object */;
			proxyType = 1;
			remoteGlobalIDString = 84CAAD26201BAF98004DA05F;
			remoteInfo = SheHacks2018;
		};
/* End PBXContainerItemProxy section */

/* Begin PBXFileReference section */
		00A338C8201D1288006B33F1 /* CoreLocation.framework */ = {isa = PBXFileReference; lastKnownFileType = wrapper.framework; name = CoreLocation.framework; path = System/Library/Frameworks/CoreLocation.framework; sourceTree = SDKROOT; };
		00D94E45201C4B8400F11CED /* LoginViewController.swift */ = {isa = PBXFileReference; lastKnownFileType = sourcecode.swift; path = LoginViewController.swift; sourceTree = "<group>"; };
		00D94E47201C4B9000F11CED /* CreateUsernameViewController.swift */ = {isa = PBXFileReference; lastKnownFileType = sourcecode.swift; path = CreateUsernameViewController.swift; sourceTree = "<group>"; };
		00D94E49201C4C1F00F11CED /* MainButtonsViewController.swift */ = {isa = PBXFileReference; lastKnownFileType = sourcecode.swift; path = MainButtonsViewController.swift; sourceTree = "<group>"; };
		00D94E4B201C4C2C00F11CED /* MapViewController.swift */ = {isa = PBXFileReference; lastKnownFileType = sourcecode.swift; path = MapViewController.swift; sourceTree = "<group>"; };
		00D94E4E201C7BDD00F11CED /* UserService.swift */ = {isa = PBXFileReference; lastKnownFileType = sourcecode.swift; path = UserService.swift; sourceTree = "<group>"; };
		00D94E50201C7BFA00F11CED /* PlaceService.swift */ = {isa = PBXFileReference; lastKnownFileType = sourcecode.swift; path = PlaceService.swift; sourceTree = "<group>"; };
		00D94E52201D002400F11CED /* InputViewController.swift */ = {isa = PBXFileReference; lastKnownFileType = sourcecode.swift; path = InputViewController.swift; sourceTree = "<group>"; };
		00D94E54201D01D000F11CED /* CommentService.swift */ = {isa = PBXFileReference; lastKnownFileType = sourcecode.swift; path = CommentService.swift; sourceTree = "<group>"; };
		00D94E56201D01E600F11CED /* Note.swift */ = {isa = PBXFileReference; lastKnownFileType = sourcecode.swift; path = Note.swift; sourceTree = "<group>"; };
		00EB1265201C3BFA00390B51 /* GoogleService-Info.plist */ = {isa = PBXFileReference; fileEncoding = 4; lastKnownFileType = text.plist.xml; name = "GoogleService-Info.plist"; path = "../../../../Downloads/GoogleService-Info.plist"; sourceTree = "<group>"; };
		00EB126C201C498500390B51 /* Login.storyboard */ = {isa = PBXFileReference; lastKnownFileType = file.storyboard; path = Login.storyboard; sourceTree = "<group>"; };
		137654A2114EFA36FF52A810 /* Pods-SheHacks2018.release.xcconfig */ = {isa = PBXFileReference; includeInIndex = 1; lastKnownFileType = text.xcconfig; name = "Pods-SheHacks2018.release.xcconfig"; path = "Pods/Target Support Files/Pods-SheHacks2018/Pods-SheHacks2018.release.xcconfig"; sourceTree = "<group>"; };
		144F3D6A86B6BF463BCBDD38 /* Pods-SheHacks2018UITests.debug.xcconfig */ = {isa = PBXFileReference; includeInIndex = 1; lastKnownFileType = text.xcconfig; name = "Pods-SheHacks2018UITests.debug.xcconfig"; path = "Pods/Target Support Files/Pods-SheHacks2018UITests/Pods-SheHacks2018UITests.debug.xcconfig"; sourceTree = "<group>"; };
		19AEB59AD3201B04F36E6E50 /* Pods-SheHacks2018.debug.xcconfig */ = {isa = PBXFileReference; includeInIndex = 1; lastKnownFileType = text.xcconfig; name = "Pods-SheHacks2018.debug.xcconfig"; path = "Pods/Target Support Files/Pods-SheHacks2018/Pods-SheHacks2018.debug.xcconfig"; sourceTree = "<group>"; };
		41FA87AE21106B88A1427549 /* Pods_SheHacks2018.framework */ = {isa = PBXFileReference; explicitFileType = wrapper.framework; includeInIndex = 0; path = Pods_SheHacks2018.framework; sourceTree = BUILT_PRODUCTS_DIR; };
		60C2DD69FB3FCAD5B122E457 /* Pods-SheHacks2018UITests.release.xcconfig */ = {isa = PBXFileReference; includeInIndex = 1; lastKnownFileType = text.xcconfig; name = "Pods-SheHacks2018UITests.release.xcconfig"; path = "Pods/Target Support Files/Pods-SheHacks2018UITests/Pods-SheHacks2018UITests.release.xcconfig"; sourceTree = "<group>"; };
		6AA43D216B801F5DE41263C9 /* Pods-SheHacks2018Tests.debug.xcconfig */ = {isa = PBXFileReference; includeInIndex = 1; lastKnownFileType = text.xcconfig; name = "Pods-SheHacks2018Tests.debug.xcconfig"; path = "Pods/Target Support Files/Pods-SheHacks2018Tests/Pods-SheHacks2018Tests.debug.xcconfig"; sourceTree = "<group>"; };
		70AC3F2BB1C5FA4D8F5E7E05 /* Pods_SheHacks2018UITests.framework */ = {isa = PBXFileReference; explicitFileType = wrapper.framework; includeInIndex = 0; path = Pods_SheHacks2018UITests.framework; sourceTree = BUILT_PRODUCTS_DIR; };
		84CAAD27201BAF98004DA05F /* SheHacks2018.app */ = {isa = PBXFileReference; explicitFileType = wrapper.application; includeInIndex = 0; path = SheHacks2018.app; sourceTree = BUILT_PRODUCTS_DIR; };
		84CAAD2A201BAF98004DA05F /* AppDelegate.swift */ = {isa = PBXFileReference; lastKnownFileType = sourcecode.swift; path = AppDelegate.swift; sourceTree = "<group>"; };
		84CAAD2C201BAF98004DA05F /* ViewController.swift */ = {isa = PBXFileReference; lastKnownFileType = sourcecode.swift; path = ViewController.swift; sourceTree = "<group>"; };
		84CAAD2F201BAF98004DA05F /* Base */ = {isa = PBXFileReference; lastKnownFileType = file.storyboard; name = Base; path = Base.lproj/Main.storyboard; sourceTree = "<group>"; };
		84CAAD32201BAF98004DA05F /* SheHacks2018.xcdatamodel */ = {isa = PBXFileReference; lastKnownFileType = wrapper.xcdatamodel; path = SheHacks2018.xcdatamodel; sourceTree = "<group>"; };
		84CAAD34201BAF98004DA05F /* Assets.xcassets */ = {isa = PBXFileReference; lastKnownFileType = folder.assetcatalog; path = Assets.xcassets; sourceTree = "<group>"; };
		84CAAD37201BAF98004DA05F /* Base */ = {isa = PBXFileReference; lastKnownFileType = file.storyboard; name = Base; path = Base.lproj/LaunchScreen.storyboard; sourceTree = "<group>"; };
		84CAAD39201BAF98004DA05F /* Info.plist */ = {isa = PBXFileReference; lastKnownFileType = text.plist.xml; path = Info.plist; sourceTree = "<group>"; };
		84CAAD3E201BAF98004DA05F /* SheHacks2018Tests.xctest */ = {isa = PBXFileReference; explicitFileType = wrapper.cfbundle; includeInIndex = 0; path = SheHacks2018Tests.xctest; sourceTree = BUILT_PRODUCTS_DIR; };
		84CAAD42201BAF98004DA05F /* SheHacks2018Tests.swift */ = {isa = PBXFileReference; lastKnownFileType = sourcecode.swift; path = SheHacks2018Tests.swift; sourceTree = "<group>"; };
		84CAAD44201BAF98004DA05F /* Info.plist */ = {isa = PBXFileReference; lastKnownFileType = text.plist.xml; path = Info.plist; sourceTree = "<group>"; };
		84CAAD49201BAF98004DA05F /* SheHacks2018UITests.xctest */ = {isa = PBXFileReference; explicitFileType = wrapper.cfbundle; includeInIndex = 0; path = SheHacks2018UITests.xctest; sourceTree = BUILT_PRODUCTS_DIR; };
		84CAAD4D201BAF98004DA05F /* SheHacks2018UITests.swift */ = {isa = PBXFileReference; lastKnownFileType = sourcecode.swift; path = SheHacks2018UITests.swift; sourceTree = "<group>"; };
		84CAAD4F201BAF99004DA05F /* Info.plist */ = {isa = PBXFileReference; lastKnownFileType = text.plist.xml; path = Info.plist; sourceTree = "<group>"; };
		84CAAD5F201C2F70004DA05F /* User.swift */ = {isa = PBXFileReference; lastKnownFileType = sourcecode.swift; path = User.swift; sourceTree = "<group>"; };
		84CAAD61201C3056004DA05F /* Location.swift */ = {isa = PBXFileReference; lastKnownFileType = sourcecode.swift; path = Location.swift; sourceTree = "<group>"; };
		E09B4E93CB9CDDA431D75B6F /* Pods_SheHacks2018Tests.framework */ = {isa = PBXFileReference; explicitFileType = wrapper.framework; includeInIndex = 0; path = Pods_SheHacks2018Tests.framework; sourceTree = BUILT_PRODUCTS_DIR; };
		F79EDA25B3F80DAF7B0DE5D9 /* Pods-SheHacks2018Tests.release.xcconfig */ = {isa = PBXFileReference; includeInIndex = 1; lastKnownFileType = text.xcconfig; name = "Pods-SheHacks2018Tests.release.xcconfig"; path = "Pods/Target Support Files/Pods-SheHacks2018Tests/Pods-SheHacks2018Tests.release.xcconfig"; sourceTree = "<group>"; };
/* End PBXFileReference section */

/* Begin PBXFrameworksBuildPhase section */
		84CAAD24201BAF98004DA05F /* Frameworks */ = {
			isa = PBXFrameworksBuildPhase;
			buildActionMask = 2147483647;
			files = (
				00A338C9201D1288006B33F1 /* CoreLocation.framework in Frameworks */,
				B80D3ACB1AF469262EF1F164 /* Pods_SheHacks2018.framework in Frameworks */,
			);
			runOnlyForDeploymentPostprocessing = 0;
		};
		84CAAD3B201BAF98004DA05F /* Frameworks */ = {
			isa = PBXFrameworksBuildPhase;
			buildActionMask = 2147483647;
			files = (
				0E4120CC276226A79BEB373F /* Pods_SheHacks2018Tests.framework in Frameworks */,
			);
			runOnlyForDeploymentPostprocessing = 0;
		};
		84CAAD46201BAF98004DA05F /* Frameworks */ = {
			isa = PBXFrameworksBuildPhase;
			buildActionMask = 2147483647;
			files = (
				4C7A104708216A46918DA4E9 /* Pods_SheHacks2018UITests.framework in Frameworks */,
			);
			runOnlyForDeploymentPostprocessing = 0;
		};
/* End PBXFrameworksBuildPhase section */

/* Begin PBXGroup section */
		00D94E4D201C79FF00F11CED /* Services */ = {
			isa = PBXGroup;
			children = (
				00D94E4E201C7BDD00F11CED /* UserService.swift */,
				00D94E50201C7BFA00F11CED /* PlaceService.swift */,
				00D94E54201D01D000F11CED /* CommentService.swift */,
			);
			name = Services;
			path = SheHacks2018/Services;
			sourceTree = SOURCE_ROOT;
		};
		00EB1269201C496100390B51 /* Storyboards */ = {
			isa = PBXGroup;
			children = (
				84CAAD2E201BAF98004DA05F /* Main.storyboard */,
				00EB126C201C498500390B51 /* Login.storyboard */,
			);
			path = Storyboards;
			sourceTree = "<group>";
		};
		7A2EB4C7A006795980009ABE /* Frameworks */ = {
			isa = PBXGroup;
			children = (
				00A338C8201D1288006B33F1 /* CoreLocation.framework */,
				41FA87AE21106B88A1427549 /* Pods_SheHacks2018.framework */,
				E09B4E93CB9CDDA431D75B6F /* Pods_SheHacks2018Tests.framework */,
				70AC3F2BB1C5FA4D8F5E7E05 /* Pods_SheHacks2018UITests.framework */,
			);
			name = Frameworks;
			sourceTree = "<group>";
		};
		84CAAD1E201BAF97004DA05F = {
			isa = PBXGroup;
			children = (
				84CAAD29201BAF98004DA05F /* SheHacks2018 */,
				84CAAD41201BAF98004DA05F /* SheHacks2018Tests */,
				84CAAD4C201BAF98004DA05F /* SheHacks2018UITests */,
				84CAAD28201BAF98004DA05F /* Products */,
				EA57C876CA6CE5D9978C2BE6 /* Pods */,
				7A2EB4C7A006795980009ABE /* Frameworks */,
			);
			sourceTree = "<group>";
		};
		84CAAD28201BAF98004DA05F /* Products */ = {
			isa = PBXGroup;
			children = (
				84CAAD27201BAF98004DA05F /* SheHacks2018.app */,
				84CAAD3E201BAF98004DA05F /* SheHacks2018Tests.xctest */,
				84CAAD49201BAF98004DA05F /* SheHacks2018UITests.xctest */,
			);
			name = Products;
			sourceTree = "<group>";
		};
		84CAAD29201BAF98004DA05F /* SheHacks2018 */ = {
			isa = PBXGroup;
			children = (
				84CAAD5E201BB5E6004DA05F /* Views */,
				84CAAD5D201BB5DF004DA05F /* Models */,
				84CAAD5C201BB5CD004DA05F /* Controllers */,
				84CAAD2A201BAF98004DA05F /* AppDelegate.swift */,
				00EB1269201C496100390B51 /* Storyboards */,
				84CAAD34201BAF98004DA05F /* Assets.xcassets */,
				84CAAD36201BAF98004DA05F /* LaunchScreen.storyboard */,
				84CAAD39201BAF98004DA05F /* Info.plist */,
				84CAAD31201BAF98004DA05F /* SheHacks2018.xcdatamodeld */,
				00EB1265201C3BFA00390B51 /* GoogleService-Info.plist */,
			);
			path = SheHacks2018;
			sourceTree = "<group>";
		};
		84CAAD41201BAF98004DA05F /* SheHacks2018Tests */ = {
			isa = PBXGroup;
			children = (
				84CAAD42201BAF98004DA05F /* SheHacks2018Tests.swift */,
				84CAAD44201BAF98004DA05F /* Info.plist */,
			);
			path = SheHacks2018Tests;
			sourceTree = "<group>";
		};
		84CAAD4C201BAF98004DA05F /* SheHacks2018UITests */ = {
			isa = PBXGroup;
			children = (
				84CAAD4D201BAF98004DA05F /* SheHacks2018UITests.swift */,
				84CAAD4F201BAF99004DA05F /* Info.plist */,
			);
			path = SheHacks2018UITests;
			sourceTree = "<group>";
		};
		84CAAD5C201BB5CD004DA05F /* Controllers */ = {
			isa = PBXGroup;
			children = (
				84CAAD2C201BAF98004DA05F /* ViewController.swift */,
				00D94E45201C4B8400F11CED /* LoginViewController.swift */,
				00D94E47201C4B9000F11CED /* CreateUsernameViewController.swift */,
				00D94E49201C4C1F00F11CED /* MainButtonsViewController.swift */,
				00D94E4B201C4C2C00F11CED /* MapViewController.swift */,
				00D94E52201D002400F11CED /* InputViewController.swift */,
			);
			path = Controllers;
			sourceTree = "<group>";
		};
		84CAAD5D201BB5DF004DA05F /* Models */ = {
			isa = PBXGroup;
			children = (
				84CAAD5F201C2F70004DA05F /* User.swift */,
				84CAAD61201C3056004DA05F /* Location.swift */,
				00D94E56201D01E600F11CED /* Note.swift */,
			);
			path = Models;
			sourceTree = "<group>";
		};
		84CAAD5E201BB5E6004DA05F /* Views */ = {
			isa = PBXGroup;
			children = (
				00D94E4D201C79FF00F11CED /* Services */,
			);
			path = Views;
			sourceTree = "<group>";
		};
		EA57C876CA6CE5D9978C2BE6 /* Pods */ = {
			isa = PBXGroup;
			children = (
				19AEB59AD3201B04F36E6E50 /* Pods-SheHacks2018.debug.xcconfig */,
				137654A2114EFA36FF52A810 /* Pods-SheHacks2018.release.xcconfig */,
				6AA43D216B801F5DE41263C9 /* Pods-SheHacks2018Tests.debug.xcconfig */,
				F79EDA25B3F80DAF7B0DE5D9 /* Pods-SheHacks2018Tests.release.xcconfig */,
				144F3D6A86B6BF463BCBDD38 /* Pods-SheHacks2018UITests.debug.xcconfig */,
				60C2DD69FB3FCAD5B122E457 /* Pods-SheHacks2018UITests.release.xcconfig */,
			);
			name = Pods;
			sourceTree = "<group>";
		};
/* End PBXGroup section */

/* Begin PBXNativeTarget section */
		84CAAD26201BAF98004DA05F /* SheHacks2018 */ = {
			isa = PBXNativeTarget;
			buildConfigurationList = 84CAAD52201BAF99004DA05F /* Build configuration list for PBXNativeTarget "SheHacks2018" */;
			buildPhases = (
				8430A9226516B3755F9C8585 /* [CP] Check Pods Manifest.lock */,
				84CAAD23201BAF98004DA05F /* Sources */,
				84CAAD24201BAF98004DA05F /* Frameworks */,
				84CAAD25201BAF98004DA05F /* Resources */,
				A0975B357EEFA6CFEBBD0931 /* [CP] Embed Pods Frameworks */,
				0F39EABFED97E71537F08104 /* [CP] Copy Pods Resources */,
			);
			buildRules = (
			);
			dependencies = (
			);
			name = SheHacks2018;
			productName = SheHacks2018;
			productReference = 84CAAD27201BAF98004DA05F /* SheHacks2018.app */;
			productType = "com.apple.product-type.application";
		};
		84CAAD3D201BAF98004DA05F /* SheHacks2018Tests */ = {
			isa = PBXNativeTarget;
			buildConfigurationList = 84CAAD55201BAF99004DA05F /* Build configuration list for PBXNativeTarget "SheHacks2018Tests" */;
			buildPhases = (
				B3E51FC29E95C0689B2A7C69 /* [CP] Check Pods Manifest.lock */,
				84CAAD3A201BAF98004DA05F /* Sources */,
				84CAAD3B201BAF98004DA05F /* Frameworks */,
				84CAAD3C201BAF98004DA05F /* Resources */,
				03BD9860A73C5CC31527E092 /* [CP] Embed Pods Frameworks */,
				4E446D0A635AB36ED9A64509 /* [CP] Copy Pods Resources */,
			);
			buildRules = (
			);
			dependencies = (
				84CAAD40201BAF98004DA05F /* PBXTargetDependency */,
			);
			name = SheHacks2018Tests;
			productName = SheHacks2018Tests;
			productReference = 84CAAD3E201BAF98004DA05F /* SheHacks2018Tests.xctest */;
			productType = "com.apple.product-type.bundle.unit-test";
		};
		84CAAD48201BAF98004DA05F /* SheHacks2018UITests */ = {
			isa = PBXNativeTarget;
			buildConfigurationList = 84CAAD58201BAF99004DA05F /* Build configuration list for PBXNativeTarget "SheHacks2018UITests" */;
			buildPhases = (
				F2AE25892DEEF9557B95D119 /* [CP] Check Pods Manifest.lock */,
				84CAAD45201BAF98004DA05F /* Sources */,
				84CAAD46201BAF98004DA05F /* Frameworks */,
				84CAAD47201BAF98004DA05F /* Resources */,
				BA68C6BBD569CBEC51563674 /* [CP] Embed Pods Frameworks */,
				AF39559A1E3672FD6EC54459 /* [CP] Copy Pods Resources */,
			);
			buildRules = (
			);
			dependencies = (
				84CAAD4B201BAF98004DA05F /* PBXTargetDependency */,
			);
			name = SheHacks2018UITests;
			productName = SheHacks2018UITests;
			productReference = 84CAAD49201BAF98004DA05F /* SheHacks2018UITests.xctest */;
			productType = "com.apple.product-type.bundle.ui-testing";
		};
/* End PBXNativeTarget section */

/* Begin PBXProject section */
		84CAAD1F201BAF97004DA05F /* Project object */ = {
			isa = PBXProject;
			attributes = {
				LastSwiftUpdateCheck = 0910;
				LastUpgradeCheck = 0910;
				ORGANIZATIONNAME = "Haejin Jo";
				TargetAttributes = {
					84CAAD26201BAF98004DA05F = {
						CreatedOnToolsVersion = 9.1;
						ProvisioningStyle = Automatic;
					};
					84CAAD3D201BAF98004DA05F = {
						CreatedOnToolsVersion = 9.1;
						ProvisioningStyle = Automatic;
						TestTargetID = 84CAAD26201BAF98004DA05F;
					};
					84CAAD48201BAF98004DA05F = {
						CreatedOnToolsVersion = 9.1;
						ProvisioningStyle = Automatic;
						TestTargetID = 84CAAD26201BAF98004DA05F;
					};
				};
			};
			buildConfigurationList = 84CAAD22201BAF97004DA05F /* Build configuration list for PBXProject "SheHacks2018" */;
			compatibilityVersion = "Xcode 8.0";
			developmentRegion = en;
			hasScannedForEncodings = 0;
			knownRegions = (
				en,
				Base,
			);
			mainGroup = 84CAAD1E201BAF97004DA05F;
			productRefGroup = 84CAAD28201BAF98004DA05F /* Products */;
			projectDirPath = "";
			projectRoot = "";
			targets = (
				84CAAD26201BAF98004DA05F /* SheHacks2018 */,
				84CAAD3D201BAF98004DA05F /* SheHacks2018Tests */,
				84CAAD48201BAF98004DA05F /* SheHacks2018UITests */,
			);
		};
/* End PBXProject section */

/* Begin PBXResourcesBuildPhase section */
		84CAAD25201BAF98004DA05F /* Resources */ = {
			isa = PBXResourcesBuildPhase;
			buildActionMask = 2147483647;
			files = (
				84CAAD38201BAF98004DA05F /* LaunchScreen.storyboard in Resources */,
				00EB1266201C3BFB00390B51 /* GoogleService-Info.plist in Resources */,
				84CAAD35201BAF98004DA05F /* Assets.xcassets in Resources */,
				00EB126D201C498500390B51 /* Login.storyboard in Resources */,
				84CAAD30201BAF98004DA05F /* Main.storyboard in Resources */,
			);
			runOnlyForDeploymentPostprocessing = 0;
		};
		84CAAD3C201BAF98004DA05F /* Resources */ = {
			isa = PBXResourcesBuildPhase;
			buildActionMask = 2147483647;
			files = (
			);
			runOnlyForDeploymentPostprocessing = 0;
		};
		84CAAD47201BAF98004DA05F /* Resources */ = {
			isa = PBXResourcesBuildPhase;
			buildActionMask = 2147483647;
			files = (
			);
			runOnlyForDeploymentPostprocessing = 0;
		};
/* End PBXResourcesBuildPhase section */

/* Begin PBXShellScriptBuildPhase section */
		03BD9860A73C5CC31527E092 /* [CP] Embed Pods Frameworks */ = {
			isa = PBXShellScriptBuildPhase;
			buildActionMask = 2147483647;
			files = (
			);
			inputPaths = (
			);
			name = "[CP] Embed Pods Frameworks";
			outputPaths = (
			);
			runOnlyForDeploymentPostprocessing = 0;
			shellPath = /bin/sh;
			shellScript = "\"${SRCROOT}/Pods/Target Support Files/Pods-SheHacks2018Tests/Pods-SheHacks2018Tests-frameworks.sh\"\n";
			showEnvVarsInLog = 0;
		};
		0F39EABFED97E71537F08104 /* [CP] Copy Pods Resources */ = {
			isa = PBXShellScriptBuildPhase;
			buildActionMask = 2147483647;
			files = (
			);
			inputPaths = (
				"${SRCROOT}/Pods/Target Support Files/Pods-SheHacks2018/Pods-SheHacks2018-resources.sh",
				"${PODS_ROOT}/GoogleMaps/Maps/Frameworks/GoogleMaps.framework/Versions/A/Resources/GoogleMaps.bundle",
				"${PODS_ROOT}/GooglePlaces/Frameworks/GooglePlaces.framework/Versions/A/Resources/GooglePlaces.bundle",
			);
			name = "[CP] Copy Pods Resources";
			outputPaths = (
				"${TARGET_BUILD_DIR}/${UNLOCALIZED_RESOURCES_FOLDER_PATH}/GoogleMaps.bundle",
				"${TARGET_BUILD_DIR}/${UNLOCALIZED_RESOURCES_FOLDER_PATH}/GooglePlaces.bundle",
			);
			runOnlyForDeploymentPostprocessing = 0;
			shellPath = /bin/sh;
			shellScript = "\"${SRCROOT}/Pods/Target Support Files/Pods-SheHacks2018/Pods-SheHacks2018-resources.sh\"\n";
			showEnvVarsInLog = 0;
		};
		4E446D0A635AB36ED9A64509 /* [CP] Copy Pods Resources */ = {
			isa = PBXShellScriptBuildPhase;
			buildActionMask = 2147483647;
			files = (
			);
			inputPaths = (
			);
			name = "[CP] Copy Pods Resources";
			outputPaths = (
			);
			runOnlyForDeploymentPostprocessing = 0;
			shellPath = /bin/sh;
			shellScript = "\"${SRCROOT}/Pods/Target Support Files/Pods-SheHacks2018Tests/Pods-SheHacks2018Tests-resources.sh\"\n";
			showEnvVarsInLog = 0;
		};
		8430A9226516B3755F9C8585 /* [CP] Check Pods Manifest.lock */ = {
			isa = PBXShellScriptBuildPhase;
			buildActionMask = 2147483647;
			files = (
			);
			inputPaths = (
				"${PODS_PODFILE_DIR_PATH}/Podfile.lock",
				"${PODS_ROOT}/Manifest.lock",
			);
			name = "[CP] Check Pods Manifest.lock";
			outputPaths = (
				"$(DERIVED_FILE_DIR)/Pods-SheHacks2018-checkManifestLockResult.txt",
			);
			runOnlyForDeploymentPostprocessing = 0;
			shellPath = /bin/sh;
			shellScript = "diff \"${PODS_PODFILE_DIR_PATH}/Podfile.lock\" \"${PODS_ROOT}/Manifest.lock\" > /dev/null\nif [ $? != 0 ] ; then\n    # print error to STDERR\n    echo \"error: The sandbox is not in sync with the Podfile.lock. Run 'pod install' or update your CocoaPods installation.\" >&2\n    exit 1\nfi\n# This output is used by Xcode 'outputs' to avoid re-running this script phase.\necho \"SUCCESS\" > \"${SCRIPT_OUTPUT_FILE_0}\"\n";
			showEnvVarsInLog = 0;
		};
		A0975B357EEFA6CFEBBD0931 /* [CP] Embed Pods Frameworks */ = {
			isa = PBXShellScriptBuildPhase;
			buildActionMask = 2147483647;
			files = (
			);
			inputPaths = (
				"${SRCROOT}/Pods/Target Support Files/Pods-SheHacks2018/Pods-SheHacks2018-frameworks.sh",
				"${BUILT_PRODUCTS_DIR}/GTMSessionFetcher/GTMSessionFetcher.framework",
				"${BUILT_PRODUCTS_DIR}/GoogleToolboxForMac/GoogleToolboxForMac.framework",
				"${BUILT_PRODUCTS_DIR}/nanopb/nanopb.framework",
			);
			name = "[CP] Embed Pods Frameworks";
			outputPaths = (
				"${TARGET_BUILD_DIR}/${FRAMEWORKS_FOLDER_PATH}/GTMSessionFetcher.framework",
				"${TARGET_BUILD_DIR}/${FRAMEWORKS_FOLDER_PATH}/GoogleToolboxForMac.framework",
				"${TARGET_BUILD_DIR}/${FRAMEWORKS_FOLDER_PATH}/nanopb.framework",
			);
			runOnlyForDeploymentPostprocessing = 0;
			shellPath = /bin/sh;
			shellScript = "\"${SRCROOT}/Pods/Target Support Files/Pods-SheHacks2018/Pods-SheHacks2018-frameworks.sh\"\n";
			showEnvVarsInLog = 0;
		};
		AF39559A1E3672FD6EC54459 /* [CP] Copy Pods Resources */ = {
			isa = PBXShellScriptBuildPhase;
			buildActionMask = 2147483647;
			files = (
			);
			inputPaths = (
			);
			name = "[CP] Copy Pods Resources";
			outputPaths = (
			);
			runOnlyForDeploymentPostprocessing = 0;
			shellPath = /bin/sh;
			shellScript = "\"${SRCROOT}/Pods/Target Support Files/Pods-SheHacks2018UITests/Pods-SheHacks2018UITests-resources.sh\"\n";
			showEnvVarsInLog = 0;
		};
		B3E51FC29E95C0689B2A7C69 /* [CP] Check Pods Manifest.lock */ = {
			isa = PBXShellScriptBuildPhase;
			buildActionMask = 2147483647;
			files = (
			);
			inputPaths = (
				"${PODS_PODFILE_DIR_PATH}/Podfile.lock",
				"${PODS_ROOT}/Manifest.lock",
			);
			name = "[CP] Check Pods Manifest.lock";
			outputPaths = (
				"$(DERIVED_FILE_DIR)/Pods-SheHacks2018Tests-checkManifestLockResult.txt",
			);
			runOnlyForDeploymentPostprocessing = 0;
			shellPath = /bin/sh;
			shellScript = "diff \"${PODS_PODFILE_DIR_PATH}/Podfile.lock\" \"${PODS_ROOT}/Manifest.lock\" > /dev/null\nif [ $? != 0 ] ; then\n    # print error to STDERR\n    echo \"error: The sandbox is not in sync with the Podfile.lock. Run 'pod install' or update your CocoaPods installation.\" >&2\n    exit 1\nfi\n# This output is used by Xcode 'outputs' to avoid re-running this script phase.\necho \"SUCCESS\" > \"${SCRIPT_OUTPUT_FILE_0}\"\n";
			showEnvVarsInLog = 0;
		};
		BA68C6BBD569CBEC51563674 /* [CP] Embed Pods Frameworks */ = {
			isa = PBXShellScriptBuildPhase;
			buildActionMask = 2147483647;
			files = (
			);
			inputPaths = (
			);
			name = "[CP] Embed Pods Frameworks";
			outputPaths = (
			);
			runOnlyForDeploymentPostprocessing = 0;
			shellPath = /bin/sh;
			shellScript = "\"${SRCROOT}/Pods/Target Support Files/Pods-SheHacks2018UITests/Pods-SheHacks2018UITests-frameworks.sh\"\n";
			showEnvVarsInLog = 0;
		};
		F2AE25892DEEF9557B95D119 /* [CP] Check Pods Manifest.lock */ = {
			isa = PBXShellScriptBuildPhase;
			buildActionMask = 2147483647;
			files = (
			);
			inputPaths = (
				"${PODS_PODFILE_DIR_PATH}/Podfile.lock",
				"${PODS_ROOT}/Manifest.lock",
			);
			name = "[CP] Check Pods Manifest.lock";
			outputPaths = (
				"$(DERIVED_FILE_DIR)/Pods-SheHacks2018UITests-checkManifestLockResult.txt",
			);
			runOnlyForDeploymentPostprocessing = 0;
			shellPath = /bin/sh;
			shellScript = "diff \"${PODS_PODFILE_DIR_PATH}/Podfile.lock\" \"${PODS_ROOT}/Manifest.lock\" > /dev/null\nif [ $? != 0 ] ; then\n    # print error to STDERR\n    echo \"error: The sandbox is not in sync with the Podfile.lock. Run 'pod install' or update your CocoaPods installation.\" >&2\n    exit 1\nfi\n# This output is used by Xcode 'outputs' to avoid re-running this script phase.\necho \"SUCCESS\" > \"${SCRIPT_OUTPUT_FILE_0}\"\n";
			showEnvVarsInLog = 0;
		};
/* End PBXShellScriptBuildPhase section */

/* Begin PBXSourcesBuildPhase section */
		84CAAD23201BAF98004DA05F /* Sources */ = {
			isa = PBXSourcesBuildPhase;
			buildActionMask = 2147483647;
			files = (
				00D94E46201C4B8400F11CED /* LoginViewController.swift in Sources */,
				84CAAD60201C2F70004DA05F /* User.swift in Sources */,
				84CAAD2D201BAF98004DA05F /* ViewController.swift in Sources */,
				00D94E57201D01E600F11CED /* Note.swift in Sources */,
				00D94E53201D002400F11CED /* InputViewController.swift in Sources */,
				84CAAD33201BAF98004DA05F /* SheHacks2018.xcdatamodeld in Sources */,
				00D94E4C201C4C2C00F11CED /* MapViewController.swift in Sources */,
				84CAAD2B201BAF98004DA05F /* AppDelegate.swift in Sources */,
				00D94E4F201C7BDD00F11CED /* UserService.swift in Sources */,
				00D94E51201C7BFB00F11CED /* PlaceService.swift in Sources */,
				00D94E4A201C4C1F00F11CED /* MainButtonsViewController.swift in Sources */,
				00D94E55201D01D000F11CED /* CommentService.swift in Sources */,
				84CAAD62201C3056004DA05F /* Location.swift in Sources */,
				00D94E48201C4B9000F11CED /* CreateUsernameViewController.swift in Sources */,
			);
			runOnlyForDeploymentPostprocessing = 0;
		};
		84CAAD3A201BAF98004DA05F /* Sources */ = {
			isa = PBXSourcesBuildPhase;
			buildActionMask = 2147483647;
			files = (
				84CAAD43201BAF98004DA05F /* SheHacks2018Tests.swift in Sources */,
			);
			runOnlyForDeploymentPostprocessing = 0;
		};
		84CAAD45201BAF98004DA05F /* Sources */ = {
			isa = PBXSourcesBuildPhase;
			buildActionMask = 2147483647;
			files = (
				84CAAD4E201BAF98004DA05F /* SheHacks2018UITests.swift in Sources */,
			);
			runOnlyForDeploymentPostprocessing = 0;
		};
/* End PBXSourcesBuildPhase section */

/* Begin PBXTargetDependency section */
		84CAAD40201BAF98004DA05F /* PBXTargetDependency */ = {
			isa = PBXTargetDependency;
			target = 84CAAD26201BAF98004DA05F /* SheHacks2018 */;
			targetProxy = 84CAAD3F201BAF98004DA05F /* PBXContainerItemProxy */;
		};
		84CAAD4B201BAF98004DA05F /* PBXTargetDependency */ = {
			isa = PBXTargetDependency;
			target = 84CAAD26201BAF98004DA05F /* SheHacks2018 */;
			targetProxy = 84CAAD4A201BAF98004DA05F /* PBXContainerItemProxy */;
		};
/* End PBXTargetDependency section */

/* Begin PBXVariantGroup section */
		84CAAD2E201BAF98004DA05F /* Main.storyboard */ = {
			isa = PBXVariantGroup;
			children = (
				84CAAD2F201BAF98004DA05F /* Base */,
			);
			name = Main.storyboard;
			sourceTree = "<group>";
		};
		84CAAD36201BAF98004DA05F /* LaunchScreen.storyboard */ = {
			isa = PBXVariantGroup;
			children = (
				84CAAD37201BAF98004DA05F /* Base */,
			);
			name = LaunchScreen.storyboard;
			sourceTree = "<group>";
		};
/* End PBXVariantGroup section */

/* Begin XCBuildConfiguration section */
		84CAAD50201BAF99004DA05F /* Debug */ = {
			isa = XCBuildConfiguration;
			buildSettings = {
				ALWAYS_SEARCH_USER_PATHS = NO;
				CLANG_ANALYZER_NONNULL = YES;
				CLANG_ANALYZER_NUMBER_OBJECT_CONVERSION = YES_AGGRESSIVE;
				CLANG_CXX_LANGUAGE_STANDARD = "gnu++14";
				CLANG_CXX_LIBRARY = "libc++";
				CLANG_ENABLE_MODULES = YES;
				CLANG_ENABLE_OBJC_ARC = YES;
				CLANG_WARN_BLOCK_CAPTURE_AUTORELEASING = YES;
				CLANG_WARN_BOOL_CONVERSION = YES;
				CLANG_WARN_COMMA = YES;
				CLANG_WARN_CONSTANT_CONVERSION = YES;
				CLANG_WARN_DIRECT_OBJC_ISA_USAGE = YES_ERROR;
				CLANG_WARN_DOCUMENTATION_COMMENTS = YES;
				CLANG_WARN_EMPTY_BODY = YES;
				CLANG_WARN_ENUM_CONVERSION = YES;
				CLANG_WARN_INFINITE_RECURSION = YES;
				CLANG_WARN_INT_CONVERSION = YES;
				CLANG_WARN_NON_LITERAL_NULL_CONVERSION = YES;
				CLANG_WARN_OBJC_LITERAL_CONVERSION = YES;
				CLANG_WARN_OBJC_ROOT_CLASS = YES_ERROR;
				CLANG_WARN_RANGE_LOOP_ANALYSIS = YES;
				CLANG_WARN_STRICT_PROTOTYPES = YES;
				CLANG_WARN_SUSPICIOUS_MOVE = YES;
				CLANG_WARN_UNGUARDED_AVAILABILITY = YES_AGGRESSIVE;
				CLANG_WARN_UNREACHABLE_CODE = YES;
				CLANG_WARN__DUPLICATE_METHOD_MATCH = YES;
				CODE_SIGN_IDENTITY = "iPhone Developer";
				COPY_PHASE_STRIP = NO;
				DEBUG_INFORMATION_FORMAT = dwarf;
				ENABLE_STRICT_OBJC_MSGSEND = YES;
				ENABLE_TESTABILITY = YES;
				GCC_C_LANGUAGE_STANDARD = gnu11;
				GCC_DYNAMIC_NO_PIC = NO;
				GCC_NO_COMMON_BLOCKS = YES;
				GCC_OPTIMIZATION_LEVEL = 0;
				GCC_PREPROCESSOR_DEFINITIONS = (
					"DEBUG=1",
					"$(inherited)",
				);
				GCC_WARN_64_TO_32_BIT_CONVERSION = YES;
				GCC_WARN_ABOUT_RETURN_TYPE = YES_ERROR;
				GCC_WARN_UNDECLARED_SELECTOR = YES;
				GCC_WARN_UNINITIALIZED_AUTOS = YES_AGGRESSIVE;
				GCC_WARN_UNUSED_FUNCTION = YES;
				GCC_WARN_UNUSED_VARIABLE = YES;
				IPHONEOS_DEPLOYMENT_TARGET = 11.1;
				MTL_ENABLE_DEBUG_INFO = YES;
				ONLY_ACTIVE_ARCH = YES;
				SDKROOT = iphoneos;
				SWIFT_ACTIVE_COMPILATION_CONDITIONS = DEBUG;
				SWIFT_OPTIMIZATION_LEVEL = "-Onone";
			};
			name = Debug;
		};
		84CAAD51201BAF99004DA05F /* Release */ = {
			isa = XCBuildConfiguration;
			buildSettings = {
				ALWAYS_SEARCH_USER_PATHS = NO;
				CLANG_ANALYZER_NONNULL = YES;
				CLANG_ANALYZER_NUMBER_OBJECT_CONVERSION = YES_AGGRESSIVE;
				CLANG_CXX_LANGUAGE_STANDARD = "gnu++14";
				CLANG_CXX_LIBRARY = "libc++";
				CLANG_ENABLE_MODULES = YES;
				CLANG_ENABLE_OBJC_ARC = YES;
				CLANG_WARN_BLOCK_CAPTURE_AUTORELEASING = YES;
				CLANG_WARN_BOOL_CONVERSION = YES;
				CLANG_WARN_COMMA = YES;
				CLANG_WARN_CONSTANT_CONVERSION = YES;
				CLANG_WARN_DIRECT_OBJC_ISA_USAGE = YES_ERROR;
				CLANG_WARN_DOCUMENTATION_COMMENTS = YES;
				CLANG_WARN_EMPTY_BODY = YES;
				CLANG_WARN_ENUM_CONVERSION = YES;
				CLANG_WARN_INFINITE_RECURSION = YES;
				CLANG_WARN_INT_CONVERSION = YES;
				CLANG_WARN_NON_LITERAL_NULL_CONVERSION = YES;
				CLANG_WARN_OBJC_LITERAL_CONVERSION = YES;
				CLANG_WARN_OBJC_ROOT_CLASS = YES_ERROR;
				CLANG_WARN_RANGE_LOOP_ANALYSIS = YES;
				CLANG_WARN_STRICT_PROTOTYPES = YES;
				CLANG_WARN_SUSPICIOUS_MOVE = YES;
				CLANG_WARN_UNGUARDED_AVAILABILITY = YES_AGGRESSIVE;
				CLANG_WARN_UNREACHABLE_CODE = YES;
				CLANG_WARN__DUPLICATE_METHOD_MATCH = YES;
				CODE_SIGN_IDENTITY = "iPhone Developer";
				COPY_PHASE_STRIP = NO;
				DEBUG_INFORMATION_FORMAT = "dwarf-with-dsym";
				ENABLE_NS_ASSERTIONS = NO;
				ENABLE_STRICT_OBJC_MSGSEND = YES;
				GCC_C_LANGUAGE_STANDARD = gnu11;
				GCC_NO_COMMON_BLOCKS = YES;
				GCC_WARN_64_TO_32_BIT_CONVERSION = YES;
				GCC_WARN_ABOUT_RETURN_TYPE = YES_ERROR;
				GCC_WARN_UNDECLARED_SELECTOR = YES;
				GCC_WARN_UNINITIALIZED_AUTOS = YES_AGGRESSIVE;
				GCC_WARN_UNUSED_FUNCTION = YES;
				GCC_WARN_UNUSED_VARIABLE = YES;
				IPHONEOS_DEPLOYMENT_TARGET = 11.1;
				MTL_ENABLE_DEBUG_INFO = NO;
				SDKROOT = iphoneos;
				SWIFT_OPTIMIZATION_LEVEL = "-Owholemodule";
				VALIDATE_PRODUCT = YES;
			};
			name = Release;
		};
		84CAAD53201BAF99004DA05F /* Debug */ = {
			isa = XCBuildConfiguration;
			baseConfigurationReference = 19AEB59AD3201B04F36E6E50 /* Pods-SheHacks2018.debug.xcconfig */;
			buildSettings = {
				ASSETCATALOG_COMPILER_APPICON_NAME = AppIcon;
				CODE_SIGN_STYLE = Automatic;
				DEVELOPMENT_TEAM = 928WARTLH8;
				INFOPLIST_FILE = SheHacks2018/Info.plist;
				LD_RUNPATH_SEARCH_PATHS = "$(inherited) @executable_path/Frameworks";
				PRODUCT_BUNDLE_IDENTIFIER = com.haejinjo.SheHacks2018;
				PRODUCT_NAME = "$(TARGET_NAME)";
				SWIFT_VERSION = 4.0;
				TARGETED_DEVICE_FAMILY = "1,2";
			};
			name = Debug;
		};
		84CAAD54201BAF99004DA05F /* Release */ = {
			isa = XCBuildConfiguration;
			baseConfigurationReference = 137654A2114EFA36FF52A810 /* Pods-SheHacks2018.release.xcconfig */;
			buildSettings = {
				ASSETCATALOG_COMPILER_APPICON_NAME = AppIcon;
				CODE_SIGN_STYLE = Automatic;
				DEVELOPMENT_TEAM = 928WARTLH8;
				INFOPLIST_FILE = SheHacks2018/Info.plist;
				LD_RUNPATH_SEARCH_PATHS = "$(inherited) @executable_path/Frameworks";
				PRODUCT_BUNDLE_IDENTIFIER = com.haejinjo.SheHacks2018;
				PRODUCT_NAME = "$(TARGET_NAME)";
				SWIFT_VERSION = 4.0;
				TARGETED_DEVICE_FAMILY = "1,2";
			};
			name = Release;
		};
		84CAAD56201BAF99004DA05F /* Debug */ = {
			isa = XCBuildConfiguration;
			baseConfigurationReference = 6AA43D216B801F5DE41263C9 /* Pods-SheHacks2018Tests.debug.xcconfig */;
			buildSettings = {
				ALWAYS_EMBED_SWIFT_STANDARD_LIBRARIES = YES;
				BUNDLE_LOADER = "$(TEST_HOST)";
				CODE_SIGN_STYLE = Automatic;
				DEVELOPMENT_TEAM = 928WARTLH8;
				INFOPLIST_FILE = SheHacks2018Tests/Info.plist;
				LD_RUNPATH_SEARCH_PATHS = "$(inherited) @executable_path/Frameworks @loader_path/Frameworks";
				PRODUCT_BUNDLE_IDENTIFIER = com.haejinjo.SheHacks2018Tests;
				PRODUCT_NAME = "$(TARGET_NAME)";
				SWIFT_VERSION = 4.0;
				TARGETED_DEVICE_FAMILY = "1,2";
				TEST_HOST = "$(BUILT_PRODUCTS_DIR)/SheHacks2018.app/SheHacks2018";
			};
			name = Debug;
		};
		84CAAD57201BAF99004DA05F /* Release */ = {
			isa = XCBuildConfiguration;
			baseConfigurationReference = F79EDA25B3F80DAF7B0DE5D9 /* Pods-SheHacks2018Tests.release.xcconfig */;
			buildSettings = {
				ALWAYS_EMBED_SWIFT_STANDARD_LIBRARIES = YES;
				BUNDLE_LOADER = "$(TEST_HOST)";
				CODE_SIGN_STYLE = Automatic;
				DEVELOPMENT_TEAM = 928WARTLH8;
				INFOPLIST_FILE = SheHacks2018Tests/Info.plist;
				LD_RUNPATH_SEARCH_PATHS = "$(inherited) @executable_path/Frameworks @loader_path/Frameworks";
				PRODUCT_BUNDLE_IDENTIFIER = com.haejinjo.SheHacks2018Tests;
				PRODUCT_NAME = "$(TARGET_NAME)";
				SWIFT_VERSION = 4.0;
				TARGETED_DEVICE_FAMILY = "1,2";
				TEST_HOST = "$(BUILT_PRODUCTS_DIR)/SheHacks2018.app/SheHacks2018";
			};
			name = Release;
		};
		84CAAD59201BAF99004DA05F /* Debug */ = {
			isa = XCBuildConfiguration;
			baseConfigurationReference = 144F3D6A86B6BF463BCBDD38 /* Pods-SheHacks2018UITests.debug.xcconfig */;
			buildSettings = {
				ALWAYS_EMBED_SWIFT_STANDARD_LIBRARIES = YES;
				CODE_SIGN_STYLE = Automatic;
				DEVELOPMENT_TEAM = 928WARTLH8;
				INFOPLIST_FILE = SheHacks2018UITests/Info.plist;
				LD_RUNPATH_SEARCH_PATHS = "$(inherited) @executable_path/Frameworks @loader_path/Frameworks";
				PRODUCT_BUNDLE_IDENTIFIER = com.haejinjo.SheHacks2018UITests;
				PRODUCT_NAME = "$(TARGET_NAME)";
				SWIFT_VERSION = 4.0;
				TARGETED_DEVICE_FAMILY = "1,2";
				TEST_TARGET_NAME = SheHacks2018;
			};
			name = Debug;
		};
		84CAAD5A201BAF99004DA05F /* Release */ = {
			isa = XCBuildConfiguration;
			baseConfigurationReference = 60C2DD69FB3FCAD5B122E457 /* Pods-SheHacks2018UITests.release.xcconfig */;
			buildSettings = {
				ALWAYS_EMBED_SWIFT_STANDARD_LIBRARIES = YES;
				CODE_SIGN_STYLE = Automatic;
				DEVELOPMENT_TEAM = 928WARTLH8;
				INFOPLIST_FILE = SheHacks2018UITests/Info.plist;
				LD_RUNPATH_SEARCH_PATHS = "$(inherited) @executable_path/Frameworks @loader_path/Frameworks";
				PRODUCT_BUNDLE_IDENTIFIER = com.haejinjo.SheHacks2018UITests;
				PRODUCT_NAME = "$(TARGET_NAME)";
				SWIFT_VERSION = 4.0;
				TARGETED_DEVICE_FAMILY = "1,2";
				TEST_TARGET_NAME = SheHacks2018;
			};
			name = Release;
		};
/* End XCBuildConfiguration section */

/* Begin XCConfigurationList section */
		84CAAD22201BAF97004DA05F /* Build configuration list for PBXProject "SheHacks2018" */ = {
			isa = XCConfigurationList;
			buildConfigurations = (
				84CAAD50201BAF99004DA05F /* Debug */,
				84CAAD51201BAF99004DA05F /* Release */,
			);
			defaultConfigurationIsVisible = 0;
			defaultConfigurationName = Release;
		};
		84CAAD52201BAF99004DA05F /* Build configuration list for PBXNativeTarget "SheHacks2018" */ = {
			isa = XCConfigurationList;
			buildConfigurations = (
				84CAAD53201BAF99004DA05F /* Debug */,
				84CAAD54201BAF99004DA05F /* Release */,
			);
			defaultConfigurationIsVisible = 0;
			defaultConfigurationName = Release;
		};
		84CAAD55201BAF99004DA05F /* Build configuration list for PBXNativeTarget "SheHacks2018Tests" */ = {
			isa = XCConfigurationList;
			buildConfigurations = (
				84CAAD56201BAF99004DA05F /* Debug */,
				84CAAD57201BAF99004DA05F /* Release */,
			);
			defaultConfigurationIsVisible = 0;
			defaultConfigurationName = Release;
		};
		84CAAD58201BAF99004DA05F /* Build configuration list for PBXNativeTarget "SheHacks2018UITests" */ = {
			isa = XCConfigurationList;
			buildConfigurations = (
				84CAAD59201BAF99004DA05F /* Debug */,
				84CAAD5A201BAF99004DA05F /* Release */,
			);
			defaultConfigurationIsVisible = 0;
			defaultConfigurationName = Release;
		};
/* End XCConfigurationList section */

/* Begin XCVersionGroup section */
		84CAAD31201BAF98004DA05F /* SheHacks2018.xcdatamodeld */ = {
			isa = XCVersionGroup;
			children = (
				84CAAD32201BAF98004DA05F /* SheHacks2018.xcdatamodel */,
			);
			currentVersion = 84CAAD32201BAF98004DA05F /* SheHacks2018.xcdatamodel */;
			path = SheHacks2018.xcdatamodeld;
			sourceTree = "<group>";
			versionGroupType = wrapper.xcdatamodel;
		};
/* End XCVersionGroup section */
	};
	rootObject = 84CAAD1F201BAF97004DA05F /* Project object */;
}
